
Microsoft Visual Studio Solution File, Format Version 12.00
# Visual Studio Version 17
VisualStudioVersion = 17.7.34221.43
MinimumVisualStudioVersion = 10.0.40219.1
Project("{FAE04EC0-301F-11D3-BF4B-00C04F79EFBC}") = "TechTalkBlog", "TechTalkBlog.csproj", "{FDF714DE-AB88-4692-B816-41E7F0B04DCD}"
EndProject
Global
	GlobalSection(SolutionConfigurationPlatforms) = preSolution
		Debug|Any CPU = Debug|Any CPU
		Release|Any CPU = Release|Any CPU
	EndGlobalSection
	GlobalSection(ProjectConfigurationPlatforms) = postSolution
		{FDF714DE-AB88-4692-B816-41E7F0B04DCD}.Debug|Any CPU.ActiveCfg = Debug|Any CPU
		{FDF714DE-AB88-4692-B816-41E7F0B04DCD}.Debug|Any CPU.Build.0 = Debug|Any CPU
		{FDF714DE-AB88-4692-B816-41E7F0B04DCD}.Release|Any CPU.ActiveCfg = Release|Any CPU
		{FDF714DE-AB88-4692-B816-41E7F0B04DCD}.Release|Any CPU.Build.0 = Release|Any CPU
	EndGlobalSection
	GlobalSection(SolutionProperties) = preSolution
		HideSolutionNode = FALSE
	EndGlobalSection
	GlobalSection(ExtensibilityGlobals) = postSolution
		SolutionGuid = {A672C2C2-53C0-4D85-B2C1-9A35C2E95FE0}
	EndGlobalSection
EndGlobal
